
Microsoft Visual Studio Solution File, Format Version 12.00
# Visual Studio 15
VisualStudioVersion = 15.0.28010.2019
MinimumVisualStudioVersion = 10.0.40219.1
Project("{FAE04EC0-301F-11D3-BF4B-00C04F79EFBC}") = "FlashCards", "FlashCards\FlashCards.csproj", "{F4F90A9F-0C0B-4618-991B-3F754904EC3D}"
EndProject
Global
	GlobalSection(SolutionConfigurationPlatforms) = preSolution
		Debug|Any CPU = Debug|Any CPU
		Release|Any CPU = Release|Any CPU
	EndGlobalSection
	GlobalSection(ProjectConfigurationPlatforms) = postSolution
		{F4F90A9F-0C0B-4618-991B-3F754904EC3D}.Debug|Any CPU.ActiveCfg = Debug|Any CPU
		{F4F90A9F-0C0B-4618-991B-3F754904EC3D}.Debug|Any CPU.Build.0 = Debug|Any CPU
		{F4F90A9F-0C0B-4618-991B-3F754904EC3D}.Release|Any CPU.ActiveCfg = Release|Any CPU
		{F4F90A9F-0C0B-4618-991B-3F754904EC3D}.Release|Any CPU.Build.0 = Release|Any CPU
	EndGlobalSection
	GlobalSection(SolutionProperties) = preSolution
		HideSolutionNode = FALSE
	EndGlobalSection
	GlobalSection(ExtensibilityGlobals) = postSolution
		SolutionGuid = {72239E1D-25DC-48F5-A25F-A51D98DB91AE}
	EndGlobalSection
EndGlobal
