
Microsoft Visual Studio Solution File, Format Version 12.00
# Visual Studio Version 16
VisualStudioVersion = 16.0.28922.388
MinimumVisualStudioVersion = 10.0.40219.1
Project("{FAE04EC0-301F-11D3-BF4B-00C04F79EFBC}") = "Schedule Reader 1", "Schedule Reader 1\Schedule Reader 1.csproj", "{D77D0248-A383-45BE-A29E-7601DA892731}"
EndProject
Global
	GlobalSection(SolutionConfigurationPlatforms) = preSolution
		Debug|Any CPU = Debug|Any CPU
		Release|Any CPU = Release|Any CPU
	EndGlobalSection
	GlobalSection(ProjectConfigurationPlatforms) = postSolution
		{D77D0248-A383-45BE-A29E-7601DA892731}.Debug|Any CPU.ActiveCfg = Debug|Any CPU
		{D77D0248-A383-45BE-A29E-7601DA892731}.Debug|Any CPU.Build.0 = Debug|Any CPU
		{D77D0248-A383-45BE-A29E-7601DA892731}.Release|Any CPU.ActiveCfg = Release|Any CPU
		{D77D0248-A383-45BE-A29E-7601DA892731}.Release|Any CPU.Build.0 = Release|Any CPU
	EndGlobalSection
	GlobalSection(SolutionProperties) = preSolution
		HideSolutionNode = FALSE
	EndGlobalSection
	GlobalSection(ExtensibilityGlobals) = postSolution
		SolutionGuid = {0CEED65E-3AD4-4603-B8C5-4341339085B2}
	EndGlobalSection
EndGlobal
